
Microsoft Visual Studio Solution File, Format Version 12.00
# Visual Studio Version 16
VisualStudioVersion = 16.0.30611.23
MinimumVisualStudioVersion = 10.0.40219.1
Project("{FAE04EC0-301F-11D3-BF4B-00C04F79EFBC}") = "WpfApp6-MVVM", "WpfApp6-MVVM.csproj", "{6AE5945B-1C5C-4BF6-8F97-29A87B6AE5DC}"
EndProject
Global
	GlobalSection(SolutionConfigurationPlatforms) = preSolution
		Debug|Any CPU = Debug|Any CPU
		Release|Any CPU = Release|Any CPU
	EndGlobalSection
	GlobalSection(ProjectConfigurationPlatforms) = postSolution
		{6AE5945B-1C5C-4BF6-8F97-29A87B6AE5DC}.Debug|Any CPU.ActiveCfg = Debug|Any CPU
		{6AE5945B-1C5C-4BF6-8F97-29A87B6AE5DC}.Debug|Any CPU.Build.0 = Debug|Any CPU
		{6AE5945B-1C5C-4BF6-8F97-29A87B6AE5DC}.Release|Any CPU.ActiveCfg = Release|Any CPU
		{6AE5945B-1C5C-4BF6-8F97-29A87B6AE5DC}.Release|Any CPU.Build.0 = Release|Any CPU
	EndGlobalSection
	GlobalSection(SolutionProperties) = preSolution
		HideSolutionNode = FALSE
	EndGlobalSection
	GlobalSection(ExtensibilityGlobals) = postSolution
		SolutionGuid = {AAAE47A1-6034-40C8-BC30-42FD6534FCA3}
	EndGlobalSection
EndGlobal
